
Microsoft Visual Studio Solution File, Format Version 12.00
# Visual Studio Version 17
VisualStudioVersion = 17.4.33213.308
MinimumVisualStudioVersion = 10.0.40219.1
Project("{9A19103F-16F7-4668-BE54-9A1E7A4F7556}") = "RandomNumber", "RandomNumber\RandomNumber.csproj", "{53E00F17-8375-432F-A48A-5CCA7D74F134}"
EndProject
Project("{FAE04EC0-301F-11D3-BF4B-00C04F79EFBC}") = "Symmetric", "Symmetric\Symmetric.csproj", "{7ED7F64C-969D-4F14-93E3-2CCA8A498930}"
EndProject
Global
	GlobalSection(SolutionConfigurationPlatforms) = preSolution
		Debug|Any CPU = Debug|Any CPU
		Release|Any CPU = Release|Any CPU
	EndGlobalSection
	GlobalSection(ProjectConfigurationPlatforms) = postSolution
		{53E00F17-8375-432F-A48A-5CCA7D74F134}.Debug|Any CPU.ActiveCfg = Debug|Any CPU
		{53E00F17-8375-432F-A48A-5CCA7D74F134}.Debug|Any CPU.Build.0 = Debug|Any CPU
		{53E00F17-8375-432F-A48A-5CCA7D74F134}.Release|Any CPU.ActiveCfg = Release|Any CPU
		{53E00F17-8375-432F-A48A-5CCA7D74F134}.Release|Any CPU.Build.0 = Release|Any CPU
		{7ED7F64C-969D-4F14-93E3-2CCA8A498930}.Debug|Any CPU.ActiveCfg = Debug|Any CPU
		{7ED7F64C-969D-4F14-93E3-2CCA8A498930}.Debug|Any CPU.Build.0 = Debug|Any CPU
		{7ED7F64C-969D-4F14-93E3-2CCA8A498930}.Release|Any CPU.ActiveCfg = Release|Any CPU
		{7ED7F64C-969D-4F14-93E3-2CCA8A498930}.Release|Any CPU.Build.0 = Release|Any CPU
	EndGlobalSection
	GlobalSection(SolutionProperties) = preSolution
		HideSolutionNode = FALSE
	EndGlobalSection
	GlobalSection(ExtensibilityGlobals) = postSolution
		SolutionGuid = {28BC5F9B-F691-4934-88F8-684BD63E47D0}
	EndGlobalSection
EndGlobal
